
Microsoft Visual Studio Solution File, Format Version 12.00
# Visual Studio Version 16
VisualStudioVersion = 16.0.31205.134
MinimumVisualStudioVersion = 10.0.40219.1
Project("{FAE04EC0-301F-11D3-BF4B-00C04F79EFBC}") = "NDPProje_G191210022_DilaraYavuz", "NDPProje_G191210022_DilaraYavuz\NDPProje_G191210022_DilaraYavuz.csproj", "{B9C06B15-B7B0-477A-8B43-A5AF9D60CBA0}"
EndProject
Global
	GlobalSection(SolutionConfigurationPlatforms) = preSolution
		Debug|Any CPU = Debug|Any CPU
		Release|Any CPU = Release|Any CPU
	EndGlobalSection
	GlobalSection(ProjectConfigurationPlatforms) = postSolution
		{B9C06B15-B7B0-477A-8B43-A5AF9D60CBA0}.Debug|Any CPU.ActiveCfg = Debug|Any CPU
		{B9C06B15-B7B0-477A-8B43-A5AF9D60CBA0}.Debug|Any CPU.Build.0 = Debug|Any CPU
		{B9C06B15-B7B0-477A-8B43-A5AF9D60CBA0}.Release|Any CPU.ActiveCfg = Release|Any CPU
		{B9C06B15-B7B0-477A-8B43-A5AF9D60CBA0}.Release|Any CPU.Build.0 = Release|Any CPU
	EndGlobalSection
	GlobalSection(SolutionProperties) = preSolution
		HideSolutionNode = FALSE
	EndGlobalSection
	GlobalSection(ExtensibilityGlobals) = postSolution
		SolutionGuid = {D83F06FF-4A0E-4482-B605-C184D394A82E}
	EndGlobalSection
EndGlobal
